{
  "originHash" : "01c53663057fba4bc82bbdbc96434f502bf63d9ce04079746ac32600f9ddf05f",
  "pins" : [
    {
      "identity" : "sentry-cocoa",
      "kind" : "remoteSourceControl",
      "location" : "https://github.com/getsentry/sentry-cocoa.git",
      "state" : {
        "revision" : "b539e098293067be54fa5cf1f11d9e16cdbba94a",
        "version" : "9.30.0"
      }
    }
  ],
  "version" : 3
}
